
Microsoft Visual Studio Solution File, Format Version 12.00
Project("{FAE04EC0-301F-11D3-BF4B-00C04F79EFBC}") = "HeadsetClient", "HeadsetClient\HeadsetClient.csproj", "{D529C7A2-223E-48FC-A47A-248E14DD9B09}"
EndProject
Global
	GlobalSection(SolutionConfigurationPlatforms) = preSolution
		Debug|Any CPU = Debug|Any CPU
		Release|Any CPU = Release|Any CPU
	EndGlobalSection
	GlobalSection(ProjectConfigurationPlatforms) = postSolution
		{D529C7A2-223E-48FC-A47A-248E14DD9B09}.Debug|Any CPU.ActiveCfg = Debug|Any CPU
		{D529C7A2-223E-48FC-A47A-248E14DD9B09}.Debug|Any CPU.Build.0 = Debug|Any CPU
		{D529C7A2-223E-48FC-A47A-248E14DD9B09}.Release|Any CPU.ActiveCfg = Release|Any CPU
		{D529C7A2-223E-48FC-A47A-248E14DD9B09}.Release|Any CPU.Build.0 = Release|Any CPU
	EndGlobalSection
EndGlobal
